# This file is autogenerated, do not edit; changes may be undone by the next 'dep ensure'.


[[projects]]
  digest = "1:2f7daa1bfbcd83e7f15933f01dd8306fe9a9b9d509d574f39bba9b0a67605b05"
  name = "github.com/caarlos0/env"
  packages = ["."]
  pruneopts = "UT"
  revision = "9a320ffe30f788798714d91e5735181030db014c"
  version = "v4.0.0"

[[projects]]
  digest = "1:ffe9824d294da03b391f44e1ae8281281b4afc1bdaa9588c9097785e3af10cec"
  name = "github.com/davecgh/go-spew"
  packages = ["spew"]
  pruneopts = "UT"
  revision = "8991bc29aa16c548c550c7ff78260e27b9ab7c73"
  version = "v1.1.1"

[[projects]]
  digest = "1:582b704bebaa06b48c29b0cec224a6058a09c86883aaddabde889cd1a5f73e1b"
  name = "github.com/google/uuid"
  packages = ["."]
  pruneopts = "UT"
  revision = "0cd6bf5da1e1c83f8b45653022c74f71af0538a4"
  version = "v1.1.1"

[[projects]]
  digest = "1:e6a1a88d1a01bbd91e02570d27f208d32c40663d31ab2315c80aa760c13b3e3a"
  name = "github.com/ibm-messaging/mq-golang"
  packages = ["ibmmq"]
  pruneopts = "UT"
  revision = "f34f9e99fa807b4b2e5086e3d1c809dfc8abca9a"
  version = "v4.0.3"

[[projects]]
  branch = "master"
  digest = "1:7dd6d64fbc607130797538d9f5800d57c522352e074ae0ffd1b3a7e8f12c6f22"
  name = "github.com/knative/pkg"
  packages = ["cloudevents"]
  pruneopts = "UT"
  revision = "4993c57ea30d3999b4a5eba899b4ee547f858739"

[solve-meta]
  analyzer-name = "dep"
  analyzer-version = 1
  input-imports = [
    "github.com/caarlos0/env",
    "github.com/ibm-messaging/mq-golang/ibmmq",
    "github.com/knative/pkg/cloudevents",
  ]
  solver-name = "gps-cdcl"
  solver-version = 1
